
Microsoft Visual Studio Solution File, Format Version 12.00
# Visual Studio Version 16
VisualStudioVersion = 16.0.30330.147
MinimumVisualStudioVersion = 10.0.40219.1
Project("{9A19103F-16F7-4668-BE54-9A1E7A4F7556}") = "MvxStarter.Core", "MvxStarter.Core\MvxStarter.Core.csproj", "{D0D87230-F964-4166-B818-3EB2B13B9BE6}"
EndProject
Project("{FAE04EC0-301F-11D3-BF4B-00C04F79EFBC}") = "MvxStarter.Wpf", "MvxStarter.Wpf\MvxStarter.Wpf.csproj", "{13BDB75A-0C96-4656-BCF1-66B4EE3688A4}"
EndProject
Global
	GlobalSection(SolutionConfigurationPlatforms) = preSolution
		Debug|Any CPU = Debug|Any CPU
		Release|Any CPU = Release|Any CPU
	EndGlobalSection
	GlobalSection(ProjectConfigurationPlatforms) = postSolution
		{D0D87230-F964-4166-B818-3EB2B13B9BE6}.Debug|Any CPU.ActiveCfg = Debug|Any CPU
		{D0D87230-F964-4166-B818-3EB2B13B9BE6}.Debug|Any CPU.Build.0 = Debug|Any CPU
		{D0D87230-F964-4166-B818-3EB2B13B9BE6}.Release|Any CPU.ActiveCfg = Release|Any CPU
		{D0D87230-F964-4166-B818-3EB2B13B9BE6}.Release|Any CPU.Build.0 = Release|Any CPU
		{13BDB75A-0C96-4656-BCF1-66B4EE3688A4}.Debug|Any CPU.ActiveCfg = Debug|Any CPU
		{13BDB75A-0C96-4656-BCF1-66B4EE3688A4}.Debug|Any CPU.Build.0 = Debug|Any CPU
		{13BDB75A-0C96-4656-BCF1-66B4EE3688A4}.Release|Any CPU.ActiveCfg = Release|Any CPU
		{13BDB75A-0C96-4656-BCF1-66B4EE3688A4}.Release|Any CPU.Build.0 = Release|Any CPU
	EndGlobalSection
	GlobalSection(SolutionProperties) = preSolution
		HideSolutionNode = FALSE
	EndGlobalSection
	GlobalSection(ExtensibilityGlobals) = postSolution
		SolutionGuid = {F7360EED-93E9-4087-B93D-EF7A7F80DEFD}
	EndGlobalSection
EndGlobal
